
Microsoft Visual Studio Solution File, Format Version 12.00
# Visual Studio Version 17
VisualStudioVersion = 17.5.002.0
MinimumVisualStudioVersion = 10.0.40219.1
Project("{9A19103F-16F7-4668-BE54-9A1E7A4F7556}") = "MiniProjet", "MiniProjet.csproj", "{F42F49FD-D123-4AF6-91B3-B1A42C0EE731}"
EndProject
Global
	GlobalSection(SolutionConfigurationPlatforms) = preSolution
		Debug|Any CPU = Debug|Any CPU
		Release|Any CPU = Release|Any CPU
	EndGlobalSection
	GlobalSection(ProjectConfigurationPlatforms) = postSolution
		{F42F49FD-D123-4AF6-91B3-B1A42C0EE731}.Debug|Any CPU.ActiveCfg = Debug|Any CPU
		{F42F49FD-D123-4AF6-91B3-B1A42C0EE731}.Debug|Any CPU.Build.0 = Debug|Any CPU
		{F42F49FD-D123-4AF6-91B3-B1A42C0EE731}.Release|Any CPU.ActiveCfg = Release|Any CPU
		{F42F49FD-D123-4AF6-91B3-B1A42C0EE731}.Release|Any CPU.Build.0 = Release|Any CPU
	EndGlobalSection
	GlobalSection(SolutionProperties) = preSolution
		HideSolutionNode = FALSE
	EndGlobalSection
	GlobalSection(ExtensibilityGlobals) = postSolution
		SolutionGuid = {B8AA73DB-74EA-49B9-BB0E-50DE5D68C824}
	EndGlobalSection
EndGlobal
